// !$*UTF8*$!
{
	archiveVersion = 1;
	classes = {
	};
	objectVersion = 48;
	objects = {

/* Begin PBXBuildFile section */
		C6946BC22036EAD30008DF03 /* AppDelegate.swift in Sources */ = {isa = PBXBuildFile; fileRef = C6946BC12036EAD30008DF03 /* AppDelegate.swift */; };
		C6946BC72036EAD30008DF03 /* Main.storyboard in Resources */ = {isa = PBXBuildFile; fileRef = C6946BC52036EAD30008DF03 /* Main.storyboard */; };
		C6946BC92036EAD30008DF03 /* Assets.xcassets in Resources */ = {isa = PBXBuildFile; fileRef = C6946BC82036EAD30008DF03 /* Assets.xcassets */; };
		C6946BCC2036EAD30008DF03 /* LaunchScreen.storyboard in Resources */ = {isa = PBXBuildFile; fileRef = C6946BCA2036EAD30008DF03 /* LaunchScreen.storyboard */; };
		C6946BD72036F2BC0008DF03 /* SWRevealViewController.m in Sources */ = {isa = PBXBuildFile; fileRef = C6946BD52036F2BB0008DF03 /* SWRevealViewController.m */; };
		C6946BDC2036F7590008DF03 /* ChatVC.swift in Sources */ = {isa = PBXBuildFile; fileRef = C6946BDB2036F7590008DF03 /* ChatVC.swift */; };
		C6946BDE2036F76D0008DF03 /* ChannelVC.swift in Sources */ = {isa = PBXBuildFile; fileRef = C6946BDD2036F76D0008DF03 /* ChannelVC.swift */; };
		C6946BE0203704080008DF03 /* GradientView.swift in Sources */ = {isa = PBXBuildFile; fileRef = C6946BDF203704080008DF03 /* GradientView.swift */; };
		C6946BE3203726690008DF03 /* Constants.swift in Sources */ = {isa = PBXBuildFile; fileRef = C6946BE2203726690008DF03 /* Constants.swift */; };
		C6946BE720373E370008DF03 /* LoginVC.swift in Sources */ = {isa = PBXBuildFile; fileRef = C6946BE620373E370008DF03 /* LoginVC.swift */; };
		C6946BE92037CAAA0008DF03 /* CreateAccountVC.swift in Sources */ = {isa = PBXBuildFile; fileRef = C6946BE82037CAAA0008DF03 /* CreateAccountVC.swift */; };
		C6946BEC20382B9F0008DF03 /* AuthService.swift in Sources */ = {isa = PBXBuildFile; fileRef = C6946BEB20382B9F0008DF03 /* AuthService.swift */; };
		C6946BEE203848890008DF03 /* RoundedButton.swift in Sources */ = {isa = PBXBuildFile; fileRef = C6946BED203848880008DF03 /* RoundedButton.swift */; };
		E4DC396DECEBE4B7713BFC02 /* Pods_SmackChat.framework in Frameworks */ = {isa = PBXBuildFile; fileRef = 7164E6EDDDC1633308CD045F /* Pods_SmackChat.framework */; };
/* End PBXBuildFile section */

/* Begin PBXFileReference section */
		2FD84E3019CCCBE851FC070E /* Pods-SmackChat.release.xcconfig */ = {isa = PBXFileReference; includeInIndex = 1; lastKnownFileType = text.xcconfig; name = "Pods-SmackChat.release.xcconfig"; path = "Pods/Target Support Files/Pods-SmackChat/Pods-SmackChat.release.xcconfig"; sourceTree = "<group>"; };
		6C74A6FE22EC2D52CCFB951E /* Pods-SmackChat.debug.xcconfig */ = {isa = PBXFileReference; includeInIndex = 1; lastKnownFileType = text.xcconfig; name = "Pods-SmackChat.debug.xcconfig"; path = "Pods/Target Support Files/Pods-SmackChat/Pods-SmackChat.debug.xcconfig"; sourceTree = "<group>"; };
		7164E6EDDDC1633308CD045F /* Pods_SmackChat.framework */ = {isa = PBXFileReference; explicitFileType = wrapper.framework; includeInIndex = 0; path = Pods_SmackChat.framework; sourceTree = BUILT_PRODUCTS_DIR; };
		C6946BBE2036EAD30008DF03 /* SmackChat.app */ = {isa = PBXFileReference; explicitFileType = wrapper.application; includeInIndex = 0; path = SmackChat.app; sourceTree = BUILT_PRODUCTS_DIR; };
		C6946BC12036EAD30008DF03 /* AppDelegate.swift */ = {isa = PBXFileReference; lastKnownFileType = sourcecode.swift; path = AppDelegate.swift; sourceTree = "<group>"; };
		C6946BC62036EAD30008DF03 /* Base */ = {isa = PBXFileReference; lastKnownFileType = file.storyboard; name = Base; path = Base.lproj/Main.storyboard; sourceTree = "<group>"; };
		C6946BC82036EAD30008DF03 /* Assets.xcassets */ = {isa = PBXFileReference; lastKnownFileType = folder.assetcatalog; path = Assets.xcassets; sourceTree = "<group>"; };
		C6946BCB2036EAD30008DF03 /* Base */ = {isa = PBXFileReference; lastKnownFileType = file.storyboard; name = Base; path = Base.lproj/LaunchScreen.storyboard; sourceTree = "<group>"; };
		C6946BCD2036EAD30008DF03 /* Info.plist */ = {isa = PBXFileReference; lastKnownFileType = text.plist.xml; path = Info.plist; sourceTree = "<group>"; };
		C6946BD42036F2B90008DF03 /* SmackChat-Bridging-Header.h */ = {isa = PBXFileReference; lastKnownFileType = sourcecode.c.h; path = "SmackChat-Bridging-Header.h"; sourceTree = "<group>"; };
		C6946BD52036F2BB0008DF03 /* SWRevealViewController.m */ = {isa = PBXFileReference; fileEncoding = 4; lastKnownFileType = sourcecode.c.objc; path = SWRevealViewController.m; sourceTree = "<group>"; };
		C6946BD62036F2BC0008DF03 /* SWRevealViewController.h */ = {isa = PBXFileReference; fileEncoding = 4; lastKnownFileType = sourcecode.c.h; path = SWRevealViewController.h; sourceTree = "<group>"; };
		C6946BDB2036F7590008DF03 /* ChatVC.swift */ = {isa = PBXFileReference; lastKnownFileType = sourcecode.swift; path = ChatVC.swift; sourceTree = "<group>"; };
		C6946BDD2036F76D0008DF03 /* ChannelVC.swift */ = {isa = PBXFileReference; lastKnownFileType = sourcecode.swift; path = ChannelVC.swift; sourceTree = "<group>"; };
		C6946BDF203704080008DF03 /* GradientView.swift */ = {isa = PBXFileReference; lastKnownFileType = sourcecode.swift; path = GradientView.swift; sourceTree = "<group>"; };
		C6946BE2203726690008DF03 /* Constants.swift */ = {isa = PBXFileReference; lastKnownFileType = sourcecode.swift; path = Constants.swift; sourceTree = "<group>"; };
		C6946BE620373E370008DF03 /* LoginVC.swift */ = {isa = PBXFileReference; lastKnownFileType = sourcecode.swift; path = LoginVC.swift; sourceTree = "<group>"; };
		C6946BE82037CAAA0008DF03 /* CreateAccountVC.swift */ = {isa = PBXFileReference; lastKnownFileType = sourcecode.swift; path = CreateAccountVC.swift; sourceTree = "<group>"; };
		C6946BEB20382B9F0008DF03 /* AuthService.swift */ = {isa = PBXFileReference; lastKnownFileType = sourcecode.swift; path = AuthService.swift; sourceTree = "<group>"; };
		C6946BED203848880008DF03 /* RoundedButton.swift */ = {isa = PBXFileReference; lastKnownFileType = sourcecode.swift; path = RoundedButton.swift; sourceTree = "<group>"; };
/* End PBXFileReference section */

/* Begin PBXFrameworksBuildPhase section */
		C6946BBB2036EAD30008DF03 /* Frameworks */ = {
			isa = PBXFrameworksBuildPhase;
			buildActionMask = 2147483647;
			files = (
				E4DC396DECEBE4B7713BFC02 /* Pods_SmackChat.framework in Frameworks */,
			);
			runOnlyForDeploymentPostprocessing = 0;
		};
/* End PBXFrameworksBuildPhase section */

/* Begin PBXGroup section */
		BF47235B579ACBA392BE71CF /* Frameworks */ = {
			isa = PBXGroup;
			children = (
				7164E6EDDDC1633308CD045F /* Pods_SmackChat.framework */,
			);
			name = Frameworks;
			sourceTree = "<group>";
		};
		C6946BB52036EAD30008DF03 = {
			isa = PBXGroup;
			children = (
				C6946BC02036EAD30008DF03 /* SmackChat */,
				C6946BBF2036EAD30008DF03 /* Products */,
				F5C1C60C3A20E61CEDE9EC2F /* Pods */,
				BF47235B579ACBA392BE71CF /* Frameworks */,
			);
			sourceTree = "<group>";
		};
		C6946BBF2036EAD30008DF03 /* Products */ = {
			isa = PBXGroup;
			children = (
				C6946BBE2036EAD30008DF03 /* SmackChat.app */,
			);
			name = Products;
			sourceTree = "<group>";
		};
		C6946BC02036EAD30008DF03 /* SmackChat */ = {
			isa = PBXGroup;
			children = (
				C6946BEA20382B790008DF03 /* Services */,
				C6946BE1203726510008DF03 /* Utilities */,
				C6946BDA2036F6F30008DF03 /* Controller */,
				C6946BD92036F6EC0008DF03 /* View */,
				C6946BD82036F6E10008DF03 /* Model */,
				C6946BD32036F2860008DF03 /* Supporting Files */,
				C6946BC12036EAD30008DF03 /* AppDelegate.swift */,
				C6946BC52036EAD30008DF03 /* Main.storyboard */,
				C6946BC82036EAD30008DF03 /* Assets.xcassets */,
				C6946BCA2036EAD30008DF03 /* LaunchScreen.storyboard */,
				C6946BCD2036EAD30008DF03 /* Info.plist */,
			);
			path = SmackChat;
			sourceTree = "<group>";
		};
		C6946BD32036F2860008DF03 /* Supporting Files */ = {
			isa = PBXGroup;
			children = (
				C6946BD62036F2BC0008DF03 /* SWRevealViewController.h */,
				C6946BD52036F2BB0008DF03 /* SWRevealViewController.m */,
				C6946BD42036F2B90008DF03 /* SmackChat-Bridging-Header.h */,
			);
			path = "Supporting Files";
			sourceTree = "<group>";
		};
		C6946BD82036F6E10008DF03 /* Model */ = {
			isa = PBXGroup;
			children = (
			);
			path = Model;
			sourceTree = "<group>";
		};
		C6946BD92036F6EC0008DF03 /* View */ = {
			isa = PBXGroup;
			children = (
				C6946BDF203704080008DF03 /* GradientView.swift */,
				C6946BED203848880008DF03 /* RoundedButton.swift */,
			);
			path = View;
			sourceTree = "<group>";
		};
		C6946BDA2036F6F30008DF03 /* Controller */ = {
			isa = PBXGroup;
			children = (
				C6946BDB2036F7590008DF03 /* ChatVC.swift */,
				C6946BDD2036F76D0008DF03 /* ChannelVC.swift */,
				C6946BE620373E370008DF03 /* LoginVC.swift */,
				C6946BE82037CAAA0008DF03 /* CreateAccountVC.swift */,
			);
			path = Controller;
			sourceTree = "<group>";
		};
		C6946BE1203726510008DF03 /* Utilities */ = {
			isa = PBXGroup;
			children = (
				C6946BE2203726690008DF03 /* Constants.swift */,
			);
			path = Utilities;
			sourceTree = "<group>";
		};
		C6946BEA20382B790008DF03 /* Services */ = {
			isa = PBXGroup;
			children = (
				C6946BEB20382B9F0008DF03 /* AuthService.swift */,
			);
			path = Services;
			sourceTree = "<group>";
		};
		F5C1C60C3A20E61CEDE9EC2F /* Pods */ = {
			isa = PBXGroup;
			children = (
				6C74A6FE22EC2D52CCFB951E /* Pods-SmackChat.debug.xcconfig */,
				2FD84E3019CCCBE851FC070E /* Pods-SmackChat.release.xcconfig */,
			);
			name = Pods;
			sourceTree = "<group>";
		};
/* End PBXGroup section */

/* Begin PBXNativeTarget section */
		C6946BBD2036EAD30008DF03 /* SmackChat */ = {
			isa = PBXNativeTarget;
			buildConfigurationList = C6946BD02036EAD30008DF03 /* Build configuration list for PBXNativeTarget "SmackChat" */;
			buildPhases = (
				19577D67412F005AF09B01E6 /* [CP] Check Pods Manifest.lock */,
				C6946BBA2036EAD30008DF03 /* Sources */,
				C6946BBB2036EAD30008DF03 /* Frameworks */,
				C6946BBC2036EAD30008DF03 /* Resources */,
				3191674A694683B220CDAFE0 /* [CP] Embed Pods Frameworks */,
				D73FC8C0E5C9FC0F2C191F09 /* [CP] Copy Pods Resources */,
			);
			buildRules = (
			);
			dependencies = (
			);
			name = SmackChat;
			productName = SmackChat;
			productReference = C6946BBE2036EAD30008DF03 /* SmackChat.app */;
			productType = "com.apple.product-type.application";
		};
/* End PBXNativeTarget section */

/* Begin PBXProject section */
		C6946BB62036EAD30008DF03 /* Project object */ = {
			isa = PBXProject;
			attributes = {
				LastSwiftUpdateCheck = 0920;
				LastUpgradeCheck = 0920;
				ORGANIZATIONNAME = Im100ruv;
				TargetAttributes = {
					C6946BBD2036EAD30008DF03 = {
						CreatedOnToolsVersion = 9.2;
						LastSwiftMigration = 0920;
						ProvisioningStyle = Automatic;
					};
				};
			};
			buildConfigurationList = C6946BB92036EAD30008DF03 /* Build configuration list for PBXProject "SmackChat" */;
			compatibilityVersion = "Xcode 8.0";
			developmentRegion = en;
			hasScannedForEncodings = 0;
			knownRegions = (
				en,
				Base,
			);
			mainGroup = C6946BB52036EAD30008DF03;
			productRefGroup = C6946BBF2036EAD30008DF03 /* Products */;
			projectDirPath = "";
			projectRoot = "";
			targets = (
				C6946BBD2036EAD30008DF03 /* SmackChat */,
			);
		};
/* End PBXProject section */

/* Begin PBXResourcesBuildPhase section */
		C6946BBC2036EAD30008DF03 /* Resources */ = {
			isa = PBXResourcesBuildPhase;
			buildActionMask = 2147483647;
			files = (
				C6946BCC2036EAD30008DF03 /* LaunchScreen.storyboard in Resources */,
				C6946BC92036EAD30008DF03 /* Assets.xcassets in Resources */,
				C6946BC72036EAD30008DF03 /* Main.storyboard in Resources */,
			);
			runOnlyForDeploymentPostprocessing = 0;
		};
/* End PBXResourcesBuildPhase section */

/* Begin PBXShellScriptBuildPhase section */
		19577D67412F005AF09B01E6 /* [CP] Check Pods Manifest.lock */ = {
			isa = PBXShellScriptBuildPhase;
			buildActionMask = 2147483647;
			files = (
			);
			inputPaths = (
				"${PODS_PODFILE_DIR_PATH}/Podfile.lock",
				"${PODS_ROOT}/Manifest.lock",
			);
			name = "[CP] Check Pods Manifest.lock";
			outputPaths = (
				"$(DERIVED_FILE_DIR)/Pods-SmackChat-checkManifestLockResult.txt",
			);
			runOnlyForDeploymentPostprocessing = 0;
			shellPath = /bin/sh;
			shellScript = "diff \"${PODS_PODFILE_DIR_PATH}/Podfile.lock\" \"${PODS_ROOT}/Manifest.lock\" > /dev/null\nif [ $? != 0 ] ; then\n    # print error to STDERR\n    echo \"error: The sandbox is not in sync with the Podfile.lock. Run 'pod install' or update your CocoaPods installation.\" >&2\n    exit 1\nfi\n# This output is used by Xcode 'outputs' to avoid re-running this script phase.\necho \"SUCCESS\" > \"${SCRIPT_OUTPUT_FILE_0}\"\n";
			showEnvVarsInLog = 0;
		};
		3191674A694683B220CDAFE0 /* [CP] Embed Pods Frameworks */ = {
			isa = PBXShellScriptBuildPhase;
			buildActionMask = 2147483647;
			files = (
			);
			inputPaths = (
				"${SRCROOT}/Pods/Target Support Files/Pods-SmackChat/Pods-SmackChat-frameworks.sh",
				"${BUILT_PRODUCTS_DIR}/Alamofire/Alamofire.framework",
				"${BUILT_PRODUCTS_DIR}/Socket.IO-Client-Swift/SocketIO.framework",
				"${BUILT_PRODUCTS_DIR}/Starscream/Starscream.framework",
				"${BUILT_PRODUCTS_DIR}/SwiftyJSON/SwiftyJSON.framework",
			);
			name = "[CP] Embed Pods Frameworks";
			outputPaths = (
				"${TARGET_BUILD_DIR}/${FRAMEWORKS_FOLDER_PATH}/Alamofire.framework",
				"${TARGET_BUILD_DIR}/${FRAMEWORKS_FOLDER_PATH}/SocketIO.framework",
				"${TARGET_BUILD_DIR}/${FRAMEWORKS_FOLDER_PATH}/Starscream.framework",
				"${TARGET_BUILD_DIR}/${FRAMEWORKS_FOLDER_PATH}/SwiftyJSON.framework",
			);
			runOnlyForDeploymentPostprocessing = 0;
			shellPath = /bin/sh;
			shellScript = "\"${SRCROOT}/Pods/Target Support Files/Pods-SmackChat/Pods-SmackChat-frameworks.sh\"\n";
			showEnvVarsInLog = 0;
		};
		D73FC8C0E5C9FC0F2C191F09 /* [CP] Copy Pods Resources */ = {
			isa = PBXShellScriptBuildPhase;
			buildActionMask = 2147483647;
			files = (
			);
			inputPaths = (
			);
			name = "[CP] Copy Pods Resources";
			outputPaths = (
			);
			runOnlyForDeploymentPostprocessing = 0;
			shellPath = /bin/sh;
			shellScript = "\"${SRCROOT}/Pods/Target Support Files/Pods-SmackChat/Pods-SmackChat-resources.sh\"\n";
			showEnvVarsInLog = 0;
		};
/* End PBXShellScriptBuildPhase section */

/* Begin PBXSourcesBuildPhase section */
		C6946BBA2036EAD30008DF03 /* Sources */ = {
			isa = PBXSourcesBuildPhase;
			buildActionMask = 2147483647;
			files = (
				C6946BDE2036F76D0008DF03 /* ChannelVC.swift in Sources */,
				C6946BEE203848890008DF03 /* RoundedButton.swift in Sources */,
				C6946BDC2036F7590008DF03 /* ChatVC.swift in Sources */,
				C6946BE92037CAAA0008DF03 /* CreateAccountVC.swift in Sources */,
				C6946BEC20382B9F0008DF03 /* AuthService.swift in Sources */,
				C6946BE720373E370008DF03 /* LoginVC.swift in Sources */,
				C6946BE0203704080008DF03 /* GradientView.swift in Sources */,
				C6946BC22036EAD30008DF03 /* AppDelegate.swift in Sources */,
				C6946BD72036F2BC0008DF03 /* SWRevealViewController.m in Sources */,
				C6946BE3203726690008DF03 /* Constants.swift in Sources */,
			);
			runOnlyForDeploymentPostprocessing = 0;
		};
/* End PBXSourcesBuildPhase section */

/* Begin PBXVariantGroup section */
		C6946BC52036EAD30008DF03 /* Main.storyboard */ = {
			isa = PBXVariantGroup;
			children = (
				C6946BC62036EAD30008DF03 /* Base */,
			);
			name = Main.storyboard;
			sourceTree = "<group>";
		};
		C6946BCA2036EAD30008DF03 /* LaunchScreen.storyboard */ = {
			isa = PBXVariantGroup;
			children = (
				C6946BCB2036EAD30008DF03 /* Base */,
			);
			name = LaunchScreen.storyboard;
			sourceTree = "<group>";
		};
/* End PBXVariantGroup section */

/* Begin XCBuildConfiguration section */
		C6946BCE2036EAD30008DF03 /* Debug */ = {
			isa = XCBuildConfiguration;
			buildSettings = {
				ALWAYS_SEARCH_USER_PATHS = NO;
				CLANG_ANALYZER_NONNULL = YES;
				CLANG_ANALYZER_NUMBER_OBJECT_CONVERSION = YES_AGGRESSIVE;
				CLANG_CXX_LANGUAGE_STANDARD = "gnu++14";
				CLANG_CXX_LIBRARY = "libc++";
				CLANG_ENABLE_MODULES = YES;
				CLANG_ENABLE_OBJC_ARC = YES;
				CLANG_WARN_BLOCK_CAPTURE_AUTORELEASING = YES;
				CLANG_WARN_BOOL_CONVERSION = YES;
				CLANG_WARN_COMMA = YES;
				CLANG_WARN_CONSTANT_CONVERSION = YES;
				CLANG_WARN_DIRECT_OBJC_ISA_USAGE = YES_ERROR;
				CLANG_WARN_DOCUMENTATION_COMMENTS = YES;
				CLANG_WARN_EMPTY_BODY = YES;
				CLANG_WARN_ENUM_CONVERSION = YES;
				CLANG_WARN_INFINITE_RECURSION = YES;
				CLANG_WARN_INT_CONVERSION = YES;
				CLANG_WARN_NON_LITERAL_NULL_CONVERSION = YES;
				CLANG_WARN_OBJC_LITERAL_CONVERSION = YES;
				CLANG_WARN_OBJC_ROOT_CLASS = YES_ERROR;
				CLANG_WARN_RANGE_LOOP_ANALYSIS = YES;
				CLANG_WARN_STRICT_PROTOTYPES = YES;
				CLANG_WARN_SUSPICIOUS_MOVE = YES;
				CLANG_WARN_UNGUARDED_AVAILABILITY = YES_AGGRESSIVE;
				CLANG_WARN_UNREACHABLE_CODE = YES;
				CLANG_WARN__DUPLICATE_METHOD_MATCH = YES;
				CODE_SIGN_IDENTITY = "iPhone Developer";
				COPY_PHASE_STRIP = NO;
				DEBUG_INFORMATION_FORMAT = dwarf;
				ENABLE_STRICT_OBJC_MSGSEND = YES;
				ENABLE_TESTABILITY = YES;
				GCC_C_LANGUAGE_STANDARD = gnu11;
				GCC_DYNAMIC_NO_PIC = NO;
				GCC_NO_COMMON_BLOCKS = YES;
				GCC_OPTIMIZATION_LEVEL = 0;
				GCC_PREPROCESSOR_DEFINITIONS = (
					"DEBUG=1",
					"$(inherited)",
				);
				GCC_WARN_64_TO_32_BIT_CONVERSION = YES;
				GCC_WARN_ABOUT_RETURN_TYPE = YES_ERROR;
				GCC_WARN_UNDECLARED_SELECTOR = YES;
				GCC_WARN_UNINITIALIZED_AUTOS = YES_AGGRESSIVE;
				GCC_WARN_UNUSED_FUNCTION = YES;
				GCC_WARN_UNUSED_VARIABLE = YES;
				IPHONEOS_DEPLOYMENT_TARGET = 11.2;
				MTL_ENABLE_DEBUG_INFO = YES;
				ONLY_ACTIVE_ARCH = YES;
				SDKROOT = iphoneos;
				SWIFT_ACTIVE_COMPILATION_CONDITIONS = DEBUG;
				SWIFT_OPTIMIZATION_LEVEL = "-Onone";
			};
			name = Debug;
		};
		C6946BCF2036EAD30008DF03 /* Release */ = {
			isa = XCBuildConfiguration;
			buildSettings = {
				ALWAYS_SEARCH_USER_PATHS = NO;
				CLANG_ANALYZER_NONNULL = YES;
				CLANG_ANALYZER_NUMBER_OBJECT_CONVERSION = YES_AGGRESSIVE;
				CLANG_CXX_LANGUAGE_STANDARD = "gnu++14";
				CLANG_CXX_LIBRARY = "libc++";
				CLANG_ENABLE_MODULES = YES;
				CLANG_ENABLE_OBJC_ARC = YES;
				CLANG_WARN_BLOCK_CAPTURE_AUTORELEASING = YES;
				CLANG_WARN_BOOL_CONVERSION = YES;
				CLANG_WARN_COMMA = YES;
				CLANG_WARN_CONSTANT_CONVERSION = YES;
				CLANG_WARN_DIRECT_OBJC_ISA_USAGE = YES_ERROR;
				CLANG_WARN_DOCUMENTATION_COMMENTS = YES;
				CLANG_WARN_EMPTY_BODY = YES;
				CLANG_WARN_ENUM_CONVERSION = YES;
				CLANG_WARN_INFINITE_RECURSION = YES;
				CLANG_WARN_INT_CONVERSION = YES;
				CLANG_WARN_NON_LITERAL_NULL_CONVERSION = YES;
				CLANG_WARN_OBJC_LITERAL_CONVERSION = YES;
				CLANG_WARN_OBJC_ROOT_CLASS = YES_ERROR;
				CLANG_WARN_RANGE_LOOP_ANALYSIS = YES;
				CLANG_WARN_STRICT_PROTOTYPES = YES;
				CLANG_WARN_SUSPICIOUS_MOVE = YES;
				CLANG_WARN_UNGUARDED_AVAILABILITY = YES_AGGRESSIVE;
				CLANG_WARN_UNREACHABLE_CODE = YES;
				CLANG_WARN__DUPLICATE_METHOD_MATCH = YES;
				CODE_SIGN_IDENTITY = "iPhone Developer";
				COPY_PHASE_STRIP = NO;
				DEBUG_INFORMATION_FORMAT = "dwarf-with-dsym";
				ENABLE_NS_ASSERTIONS = NO;
				ENABLE_STRICT_OBJC_MSGSEND = YES;
				GCC_C_LANGUAGE_STANDARD = gnu11;
				GCC_NO_COMMON_BLOCKS = YES;
				GCC_WARN_64_TO_32_BIT_CONVERSION = YES;
				GCC_WARN_ABOUT_RETURN_TYPE = YES_ERROR;
				GCC_WARN_UNDECLARED_SELECTOR = YES;
				GCC_WARN_UNINITIALIZED_AUTOS = YES_AGGRESSIVE;
				GCC_WARN_UNUSED_FUNCTION = YES;
				GCC_WARN_UNUSED_VARIABLE = YES;
				IPHONEOS_DEPLOYMENT_TARGET = 11.2;
				MTL_ENABLE_DEBUG_INFO = NO;
				SDKROOT = iphoneos;
				SWIFT_OPTIMIZATION_LEVEL = "-Owholemodule";
				VALIDATE_PRODUCT = YES;
			};
			name = Release;
		};
		C6946BD12036EAD30008DF03 /* Debug */ = {
			isa = XCBuildConfiguration;
			baseConfigurationReference = 6C74A6FE22EC2D52CCFB951E /* Pods-SmackChat.debug.xcconfig */;
			buildSettings = {
				ASSETCATALOG_COMPILER_APPICON_NAME = AppIcon;
				CLANG_ENABLE_MODULES = YES;
				CODE_SIGN_STYLE = Automatic;
				INFOPLIST_FILE = SmackChat/Info.plist;
				LD_RUNPATH_SEARCH_PATHS = "$(inherited) @executable_path/Frameworks";
				PRODUCT_BUNDLE_IDENTIFIER = com.im100ruv.SmackChat;
				PRODUCT_NAME = "$(TARGET_NAME)";
				SWIFT_OBJC_BRIDGING_HEADER = "SmackChat/Supporting Files/SmackChat-Bridging-Header.h";
				SWIFT_OPTIMIZATION_LEVEL = "-Onone";
				SWIFT_VERSION = 4.0;
				TARGETED_DEVICE_FAMILY = "1,2";
			};
			name = Debug;
		};
		C6946BD22036EAD30008DF03 /* Release */ = {
			isa = XCBuildConfiguration;
			baseConfigurationReference = 2FD84E3019CCCBE851FC070E /* Pods-SmackChat.release.xcconfig */;
			buildSettings = {
				ASSETCATALOG_COMPILER_APPICON_NAME = AppIcon;
				CLANG_ENABLE_MODULES = YES;
				CODE_SIGN_STYLE = Automatic;
				INFOPLIST_FILE = SmackChat/Info.plist;
				LD_RUNPATH_SEARCH_PATHS = "$(inherited) @executable_path/Frameworks";
				PRODUCT_BUNDLE_IDENTIFIER = com.im100ruv.SmackChat;
				PRODUCT_NAME = "$(TARGET_NAME)";
				SWIFT_OBJC_BRIDGING_HEADER = "SmackChat/Supporting Files/SmackChat-Bridging-Header.h";
				SWIFT_VERSION = 4.0;
				TARGETED_DEVICE_FAMILY = "1,2";
			};
			name = Release;
		};
/* End XCBuildConfiguration section */

/* Begin XCConfigurationList section */
		C6946BB92036EAD30008DF03 /* Build configuration list for PBXProject "SmackChat" */ = {
			isa = XCConfigurationList;
			buildConfigurations = (
				C6946BCE2036EAD30008DF03 /* Debug */,
				C6946BCF2036EAD30008DF03 /* Release */,
			);
			defaultConfigurationIsVisible = 0;
			defaultConfigurationName = Release;
		};
		C6946BD02036EAD30008DF03 /* Build configuration list for PBXNativeTarget "SmackChat" */ = {
			isa = XCConfigurationList;
			buildConfigurations = (
				C6946BD12036EAD30008DF03 /* Debug */,
				C6946BD22036EAD30008DF03 /* Release */,
			);
			defaultConfigurationIsVisible = 0;
			defaultConfigurationName = Release;
		};
/* End XCConfigurationList section */
	};
	rootObject = C6946BB62036EAD30008DF03 /* Project object */;
}
